
Microsoft Visual Studio Solution File, Format Version 12.00
# Visual Studio Version 17
VisualStudioVersion = 17.3.32804.467
MinimumVisualStudioVersion = 10.0.40219.1
Project("{FAE04EC0-301F-11D3-BF4B-00C04F79EFBC}") = "HvZWebAPI", "HvZWebAPI\HvZWebAPI.csproj", "{3CAD472C-A125-42F8-A975-3AB86088596D}"
EndProject
Global
	GlobalSection(SolutionConfigurationPlatforms) = preSolution
		Debug|Any CPU = Debug|Any CPU
		Release|Any CPU = Release|Any CPU
	EndGlobalSection
	GlobalSection(ProjectConfigurationPlatforms) = postSolution
		{3CAD472C-A125-42F8-A975-3AB86088596D}.Debug|Any CPU.ActiveCfg = Debug|Any CPU
		{3CAD472C-A125-42F8-A975-3AB86088596D}.Debug|Any CPU.Build.0 = Debug|Any CPU
		{3CAD472C-A125-42F8-A975-3AB86088596D}.Release|Any CPU.ActiveCfg = Release|Any CPU
		{3CAD472C-A125-42F8-A975-3AB86088596D}.Release|Any CPU.Build.0 = Release|Any CPU
	EndGlobalSection
	GlobalSection(SolutionProperties) = preSolution
		HideSolutionNode = FALSE
	EndGlobalSection
	GlobalSection(ExtensibilityGlobals) = postSolution
		SolutionGuid = {0928A5D4-E5FB-4861-BCB0-446467A017D4}
	EndGlobalSection
EndGlobal
